{
    "version": 3,
    "terraform_version": "0.11.8",
    "serial": 5,
    "lineage": "d9c9eedb-39ee-c12a-396f-4e78fe315b62",
    "modules": [
        {
            "path": [
                "root"
            ],
            "outputs": {},
            "resources": {
                "aws_eip_association.application": {
                    "type": "aws_eip_association",
                    "depends_on": [
                        "aws_instance.application"
                    ],
                    "primary": {
                        "id": "eipassoc-032edde694e19b640",
                        "attributes": {
                            "allocation_id": "eipalloc-79431344",
                            "id": "eipassoc-032edde694e19b640",
                            "instance_id": "i-084c4c593fb9e212e",
                            "network_interface_id": "eni-063400e081a842625",
                            "private_ip_address": "10.10.128.10",
                            "public_ip": "34.247.43.100"
                        },
                        "meta": {},
                        "tainted": false
                    },
                    "deposed": [],
                    "provider": "provider.aws"
                },
                "aws_instance.application": {
                    "type": "aws_instance",
                    "depends_on": [
                        "module.application",
                        "module.vpc"
                    ],
                    "primary": {
                        "id": "i-084c4c593fb9e212e",
                        "attributes": {
                            "ami": "ami-2a7d75c0",
                            "arn": "arn:aws:ec2:eu-west-1:919783428286:instance/i-084c4c593fb9e212e",
                            "associate_public_ip_address": "true",
                            "availability_zone": "eu-west-1a",
                            "cpu_core_count": "1",
                            "cpu_threads_per_core": "1",
                            "credit_specification.#": "1",
                            "credit_specification.0.cpu_credits": "standard",
                            "disable_api_termination": "false",
                            "ebs_block_device.#": "0",
                            "ebs_optimized": "false",
                            "ephemeral_block_device.#": "0",
                            "get_password_data": "false",
                            "iam_instance_profile": "",
                            "id": "i-084c4c593fb9e212e",
                            "instance_state": "running",
                            "instance_type": "t2.micro",
                            "ipv6_addresses.#": "0",
                            "key_name": "RTESBootcamp",
                            "monitoring": "false",
                            "network_interface.#": "0",
                            "network_interface_id": "eni-063400e081a842625",
                            "password_data": "",
                            "placement_group": "",
                            "primary_network_interface_id": "eni-063400e081a842625",
                            "private_dns": "ip-10-10-128-10.eu-west-1.compute.internal",
                            "private_ip": "10.10.128.10",
                            "public_dns": "ec2-54-229-61-147.eu-west-1.compute.amazonaws.com",
                            "public_ip": "54.229.61.147",
                            "root_block_device.#": "1",
                            "root_block_device.0.delete_on_termination": "true",
                            "root_block_device.0.iops": "100",
                            "root_block_device.0.volume_id": "vol-085be61b3b345fa40",
                            "root_block_device.0.volume_size": "8",
                            "root_block_device.0.volume_type": "gp2",
                            "security_groups.#": "0",
                            "source_dest_check": "true",
                            "subnet_id": "subnet-0ba6a6eaf28bcf3d4",
                            "tags.%": "1",
                            "tags.Name": "harrisonb2-RTESBootcamp",
                            "tenancy": "default",
                            "volume_tags.%": "0",
                            "vpc_security_group_ids.#": "1",
                            "vpc_security_group_ids.3996953064": "sg-069ded5d6159a906d"
                        },
                        "meta": {
                            "e2bfb730-ecaa-11e6-8f88-34363bc7c4c0": {
                                "create": 600000000000,
                                "delete": 1200000000000,
                                "update": 600000000000
                            },
                            "schema_version": "1"
                        },
                        "tainted": false
                    },
                    "deposed": [],
                    "provider": "provider.aws"
                },
                "aws_key_pair.key": {
                    "type": "aws_key_pair",
                    "depends_on": [],
                    "primary": {
                        "id": "RTESBootcamp",
                        "attributes": {
                            "fingerprint": "60:da:9a:19:f3:f3:cd:c6:0a:9b:a3:50:1b:5d:91:81",
                            "id": "RTESBootcamp",
                            "key_name": "RTESBootcamp",
                            "public_key": "ssh-rsa AAAAB3NzaC1yc2EAAAADAQABAAABAQC292XS84KJOzjf+bsBKVX+i2TM4yhXjg+SHmrhzPQJ8ALx62qG28l30xREpOyvkSI8GeKboMoemf5H9kP/hM9Xep/XViieTDj8pj7Uxm0XcAoZK6i+OjNlqO1tNmt40ygqT//TXUXdHCZzah2VXKw8WPqQvbAdN3sY7jEuUCqyo5SUtX7VWZiKsCjL5repkUXEPuJ4r37CwdPfcWwWOAu8/MUmuyK3dDUR2aHqSKTwAZn+waaOECb4HnZCO8UbTkkkX1dy6BFm/9Rhm6ck7VzjoSDcJskqS3iTAdOBb+4IjpV/UxJMh/hiuEiu7P4SV1tVrbRUhoqJZ8JV7doCil/n brandon@lenovo"
                        },
                        "meta": {
                            "schema_version": "1"
                        },
                        "tainted": false
                    },
                    "deposed": [],
                    "provider": "provider.aws"
                }
            },
            "depends_on": []
        },
        {
            "path": [
                "root",
                "application"
            ],
            "outputs": {
                "this_security_group_description": {
                    "sensitive": false,
                    "type": "string",
                    "value": "SSH and HTTP(S)"
                },
                "this_security_group_id": {
                    "sensitive": false,
                    "type": "string",
                    "value": "sg-069ded5d6159a906d"
                },
                "this_security_group_name": {
                    "sensitive": false,
                    "type": "string",
                    "value": "harrisonb2-RTESBootcamp"
                },
                "this_security_group_owner_id": {
                    "sensitive": false,
                    "type": "string",
                    "value": "919783428286"
                },
                "this_security_group_vpc_id": {
                    "sensitive": false,
                    "type": "string",
                    "value": "vpc-01e0f2d4ec312bc66"
                }
            },
            "resources": {
                "aws_security_group.this": {
                    "type": "aws_security_group",
                    "depends_on": [],
                    "primary": {
                        "id": "sg-069ded5d6159a906d",
                        "attributes": {
                            "arn": "arn:aws:ec2:eu-west-1:919783428286:security-group/sg-069ded5d6159a906d",
                            "description": "SSH and HTTP(S)",
                            "egress.#": "0",
                            "id": "sg-069ded5d6159a906d",
                            "ingress.#": "0",
                            "name": "harrisonb2-RTESBootcamp",
                            "owner_id": "919783428286",
                            "revoke_rules_on_delete": "false",
                            "tags.%": "1",
                            "tags.Name": "harrisonb2-RTESBootcamp",
                            "vpc_id": "vpc-01e0f2d4ec312bc66"
                        },
                        "meta": {
                            "e2bfb730-ecaa-11e6-8f88-34363bc7c4c0": {
                                "create": 600000000000,
                                "delete": 600000000000
                            },
                            "schema_version": "1"
                        },
                        "tainted": false
                    },
                    "deposed": [],
                    "provider": "provider.aws"
                },
                "aws_security_group_rule.egress_with_cidr_blocks.0": {
                    "type": "aws_security_group_rule",
                    "depends_on": [
                        "aws_security_group.this"
                    ],
                    "primary": {
                        "id": "sgrule-3749619036",
                        "attributes": {
                            "cidr_blocks.#": "1",
                            "cidr_blocks.0": "0.0.0.0/0",
                            "description": "Egress Rule",
                            "from_port": "443",
                            "id": "sgrule-3749619036",
                            "protocol": "tcp",
                            "security_group_id": "sg-069ded5d6159a906d",
                            "self": "false",
                            "to_port": "443",
                            "type": "egress"
                        },
                        "meta": {
                            "schema_version": "2"
                        },
                        "tainted": false
                    },
                    "deposed": [],
                    "provider": "provider.aws"
                },
                "aws_security_group_rule.egress_with_cidr_blocks.1": {
                    "type": "aws_security_group_rule",
                    "depends_on": [
                        "aws_security_group.this"
                    ],
                    "primary": {
                        "id": "sgrule-1674615614",
                        "attributes": {
                            "cidr_blocks.#": "1",
                            "cidr_blocks.0": "0.0.0.0/0",
                            "description": "Egress Rule",
                            "from_port": "80",
                            "id": "sgrule-1674615614",
                            "protocol": "tcp",
                            "security_group_id": "sg-069ded5d6159a906d",
                            "self": "false",
                            "to_port": "80",
                            "type": "egress"
                        },
                        "meta": {
                            "schema_version": "2"
                        },
                        "tainted": false
                    },
                    "deposed": [],
                    "provider": "provider.aws"
                },
                "aws_security_group_rule.ingress_with_cidr_blocks.0": {
                    "type": "aws_security_group_rule",
                    "depends_on": [
                        "aws_security_group.this"
                    ],
                    "primary": {
                        "id": "sgrule-2554212946",
                        "attributes": {
                            "cidr_blocks.#": "1",
                            "cidr_blocks.0": "194.62.232.0/24",
                            "description": "Ingress Rule",
                            "from_port": "443",
                            "id": "sgrule-2554212946",
                            "protocol": "tcp",
                            "security_group_id": "sg-069ded5d6159a906d",
                            "self": "false",
                            "to_port": "443",
                            "type": "ingress"
                        },
                        "meta": {
                            "schema_version": "2"
                        },
                        "tainted": false
                    },
                    "deposed": [],
                    "provider": "provider.aws"
                },
                "aws_security_group_rule.ingress_with_cidr_blocks.1": {
                    "type": "aws_security_group_rule",
                    "depends_on": [
                        "aws_security_group.this"
                    ],
                    "primary": {
                        "id": "sgrule-584374678",
                        "attributes": {
                            "cidr_blocks.#": "1",
                            "cidr_blocks.0": "194.62.232.0/24",
                            "description": "Ingress Rule",
                            "from_port": "80",
                            "id": "sgrule-584374678",
                            "protocol": "tcp",
                            "security_group_id": "sg-069ded5d6159a906d",
                            "self": "false",
                            "to_port": "80",
                            "type": "ingress"
                        },
                        "meta": {
                            "schema_version": "2"
                        },
                        "tainted": false
                    },
                    "deposed": [],
                    "provider": "provider.aws"
                },
                "aws_security_group_rule.ingress_with_cidr_blocks.2": {
                    "type": "aws_security_group_rule",
                    "depends_on": [
                        "aws_security_group.this"
                    ],
                    "primary": {
                        "id": "sgrule-3609098446",
                        "attributes": {
                            "cidr_blocks.#": "1",
                            "cidr_blocks.0": "212.183.131.0/24",
                            "description": "Ingress Rule",
                            "from_port": "22",
                            "id": "sgrule-3609098446",
                            "protocol": "tcp",
                            "security_group_id": "sg-069ded5d6159a906d",
                            "self": "false",
                            "to_port": "22",
                            "type": "ingress"
                        },
                        "meta": {
                            "schema_version": "2"
                        },
                        "tainted": false
                    },
                    "deposed": [],
                    "provider": "provider.aws"
                }
            },
            "depends_on": []
        },
        {
            "path": [
                "root",
                "vpc"
            ],
            "outputs": {
                "database_subnet_group": {
                    "sensitive": false,
                    "type": "string",
                    "value": ""
                },
                "database_subnets": {
                    "sensitive": false,
                    "type": "list",
                    "value": []
                },
                "database_subnets_cidr_blocks": {
                    "sensitive": false,
                    "type": "list",
                    "value": []
                },
                "default_network_acl_id": {
                    "sensitive": false,
                    "type": "string",
                    "value": "acl-07c879d986cad77a9"
                },
                "default_route_table_id": {
                    "sensitive": false,
                    "type": "string",
                    "value": "rtb-0c81e579475e8610f"
                },
                "default_security_group_id": {
                    "sensitive": false,
                    "type": "string",
                    "value": "sg-01ea5fdfb08019ae8"
                },
                "default_vpc_cidr_block": {
                    "sensitive": false,
                    "type": "string",
                    "value": ""
                },
                "default_vpc_default_network_acl_id": {
                    "sensitive": false,
                    "type": "string",
                    "value": ""
                },
                "default_vpc_default_route_table_id": {
                    "sensitive": false,
                    "type": "string",
                    "value": ""
                },
                "default_vpc_default_security_group_id": {
                    "sensitive": false,
                    "type": "string",
                    "value": ""
                },
                "default_vpc_enable_dns_hostnames": {
                    "sensitive": false,
                    "type": "string",
                    "value": ""
                },
                "default_vpc_enable_dns_support": {
                    "sensitive": false,
                    "type": "string",
                    "value": ""
                },
                "default_vpc_id": {
                    "sensitive": false,
                    "type": "string",
                    "value": ""
                },
                "default_vpc_instance_tenancy": {
                    "sensitive": false,
                    "type": "string",
                    "value": ""
                },
                "default_vpc_main_route_table_id": {
                    "sensitive": false,
                    "type": "string",
                    "value": ""
                },
                "elasticache_subnet_group": {
                    "sensitive": false,
                    "type": "string",
                    "value": ""
                },
                "elasticache_subnet_group_name": {
                    "sensitive": false,
                    "type": "string",
                    "value": ""
                },
                "elasticache_subnets": {
                    "sensitive": false,
                    "type": "list",
                    "value": []
                },
                "elasticache_subnets_cidr_blocks": {
                    "sensitive": false,
                    "type": "list",
                    "value": []
                },
                "igw_id": {
                    "sensitive": false,
                    "type": "string",
                    "value": "igw-0ef50bc053c19f2f2"
                },
                "nat_ids": {
                    "sensitive": false,
                    "type": "list",
                    "value": []
                },
                "nat_public_ips": {
                    "sensitive": false,
                    "type": "list",
                    "value": []
                },
                "natgw_ids": {
                    "sensitive": false,
                    "type": "list",
                    "value": []
                },
                "private_route_table_ids": {
                    "sensitive": false,
                    "type": "list",
                    "value": []
                },
                "private_subnets": {
                    "sensitive": false,
                    "type": "list",
                    "value": []
                },
                "private_subnets_cidr_blocks": {
                    "sensitive": false,
                    "type": "list",
                    "value": []
                },
                "public_route_table_ids": {
                    "sensitive": false,
                    "type": "list",
                    "value": [
                        "rtb-0a78d27fcab224695"
                    ]
                },
                "public_subnets": {
                    "sensitive": false,
                    "type": "list",
                    "value": [
                        "subnet-0ba6a6eaf28bcf3d4"
                    ]
                },
                "public_subnets_cidr_blocks": {
                    "sensitive": false,
                    "type": "list",
                    "value": [
                        "10.10.128.0/24"
                    ]
                },
                "redshift_subnet_group": {
                    "sensitive": false,
                    "type": "string",
                    "value": ""
                },
                "redshift_subnets": {
                    "sensitive": false,
                    "type": "list",
                    "value": []
                },
                "redshift_subnets_cidr_blocks": {
                    "sensitive": false,
                    "type": "list",
                    "value": []
                },
                "vgw_id": {
                    "sensitive": false,
                    "type": "string",
                    "value": ""
                },
                "vpc_cidr_block": {
                    "sensitive": false,
                    "type": "string",
                    "value": "10.10.0.0/16"
                },
                "vpc_enable_dns_hostnames": {
                    "sensitive": false,
                    "type": "string",
                    "value": "true"
                },
                "vpc_enable_dns_support": {
                    "sensitive": false,
                    "type": "string",
                    "value": "true"
                },
                "vpc_endpoint_dynamodb_id": {
                    "sensitive": false,
                    "type": "string",
                    "value": ""
                },
                "vpc_endpoint_dynamodb_pl_id": {
                    "sensitive": false,
                    "type": "string",
                    "value": ""
                },
                "vpc_endpoint_s3_id": {
                    "sensitive": false,
                    "type": "string",
                    "value": ""
                },
                "vpc_endpoint_s3_pl_id": {
                    "sensitive": false,
                    "type": "string",
                    "value": ""
                },
                "vpc_id": {
                    "sensitive": false,
                    "type": "string",
                    "value": "vpc-01e0f2d4ec312bc66"
                },
                "vpc_instance_tenancy": {
                    "sensitive": false,
                    "type": "string",
                    "value": "default"
                },
                "vpc_main_route_table_id": {
                    "sensitive": false,
                    "type": "string",
                    "value": "rtb-0c81e579475e8610f"
                }
            },
            "resources": {
                "aws_internet_gateway.this": {
                    "type": "aws_internet_gateway",
                    "depends_on": [
                        "aws_vpc.this"
                    ],
                    "primary": {
                        "id": "igw-0ef50bc053c19f2f2",
                        "attributes": {
                            "id": "igw-0ef50bc053c19f2f2",
                            "tags.%": "1",
                            "tags.Name": "harrisonb2",
                            "vpc_id": "vpc-01e0f2d4ec312bc66"
                        },
                        "meta": {},
                        "tainted": false
                    },
                    "deposed": [],
                    "provider": "provider.aws"
                },
                "aws_route.public_internet_gateway": {
                    "type": "aws_route",
                    "depends_on": [
                        "aws_internet_gateway.this",
                        "aws_route_table.public"
                    ],
                    "primary": {
                        "id": "r-rtb-0a78d27fcab2246951080289494",
                        "attributes": {
                            "destination_cidr_block": "0.0.0.0/0",
                            "destination_prefix_list_id": "",
                            "egress_only_gateway_id": "",
                            "gateway_id": "igw-0ef50bc053c19f2f2",
                            "id": "r-rtb-0a78d27fcab2246951080289494",
                            "instance_id": "",
                            "instance_owner_id": "",
                            "nat_gateway_id": "",
                            "network_interface_id": "",
                            "origin": "CreateRoute",
                            "route_table_id": "rtb-0a78d27fcab224695",
                            "state": "active",
                            "vpc_peering_connection_id": ""
                        },
                        "meta": {
                            "e2bfb730-ecaa-11e6-8f88-34363bc7c4c0": {
                                "create": 300000000000,
                                "delete": 300000000000
                            }
                        },
                        "tainted": false
                    },
                    "deposed": [],
                    "provider": "provider.aws"
                },
                "aws_route_table.public": {
                    "type": "aws_route_table",
                    "depends_on": [
                        "aws_vpc.this"
                    ],
                    "primary": {
                        "id": "rtb-0a78d27fcab224695",
                        "attributes": {
                            "id": "rtb-0a78d27fcab224695",
                            "propagating_vgws.#": "0",
                            "route.#": "0",
                            "tags.%": "1",
                            "tags.Name": "harrisonb2-public",
                            "vpc_id": "vpc-01e0f2d4ec312bc66"
                        },
                        "meta": {},
                        "tainted": false
                    },
                    "deposed": [],
                    "provider": "provider.aws"
                },
                "aws_route_table_association.public": {
                    "type": "aws_route_table_association",
                    "depends_on": [
                        "aws_route_table.public",
                        "aws_subnet.public.*"
                    ],
                    "primary": {
                        "id": "rtbassoc-04160fbd3550e43cc",
                        "attributes": {
                            "id": "rtbassoc-04160fbd3550e43cc",
                            "route_table_id": "rtb-0a78d27fcab224695",
                            "subnet_id": "subnet-0ba6a6eaf28bcf3d4"
                        },
                        "meta": {},
                        "tainted": false
                    },
                    "deposed": [],
                    "provider": "provider.aws"
                },
                "aws_subnet.public": {
                    "type": "aws_subnet",
                    "depends_on": [
                        "aws_vpc.this"
                    ],
                    "primary": {
                        "id": "subnet-0ba6a6eaf28bcf3d4",
                        "attributes": {
                            "arn": "arn:aws:ec2:eu-west-1:919783428286:subnet/subnet-0ba6a6eaf28bcf3d4",
                            "assign_ipv6_address_on_creation": "false",
                            "availability_zone": "eu-west-1a",
                            "cidr_block": "10.10.128.0/24",
                            "id": "subnet-0ba6a6eaf28bcf3d4",
                            "map_public_ip_on_launch": "true",
                            "tags.%": "1",
                            "tags.Name": "harrisonb2-public-eu-west-1a",
                            "vpc_id": "vpc-01e0f2d4ec312bc66"
                        },
                        "meta": {
                            "schema_version": "1"
                        },
                        "tainted": false
                    },
                    "deposed": [],
                    "provider": "provider.aws"
                },
                "aws_vpc.this": {
                    "type": "aws_vpc",
                    "depends_on": [],
                    "primary": {
                        "id": "vpc-01e0f2d4ec312bc66",
                        "attributes": {
                            "arn": "arn:aws:ec2:eu-west-1:919783428286:vpc/vpc-01e0f2d4ec312bc66",
                            "assign_generated_ipv6_cidr_block": "false",
                            "cidr_block": "10.10.0.0/16",
                            "default_network_acl_id": "acl-07c879d986cad77a9",
                            "default_route_table_id": "rtb-0c81e579475e8610f",
                            "default_security_group_id": "sg-01ea5fdfb08019ae8",
                            "dhcp_options_id": "dopt-ab179acd",
                            "enable_classiclink": "false",
                            "enable_classiclink_dns_support": "false",
                            "enable_dns_hostnames": "true",
                            "enable_dns_support": "true",
                            "id": "vpc-01e0f2d4ec312bc66",
                            "instance_tenancy": "default",
                            "main_route_table_id": "rtb-0c81e579475e8610f",
                            "tags.%": "1",
                            "tags.Name": "harrisonb2"
                        },
                        "meta": {
                            "schema_version": "1"
                        },
                        "tainted": false
                    },
                    "deposed": [],
                    "provider": "provider.aws"
                }
            },
            "depends_on": []
        }
    ]
}
